<?xml version="1.0" encoding="UTF-8" standalone="yes" ?>
<CodeBlocks_project_file>
	<FileVersion major="1" minor="6" />
	<Project>
		<Option title="progress" />
		<Option pch_mode="2" />
		<Option compiler="gcc" />
		<Build>
			<Target title="Debug">
				<Option output="bin/Debug/progress" prefix_auto="1" extension_auto="1" />
				<Option object_output="obj/Debug/" />
				<Option type="1" />
				<Option compiler="gcc" />
				<Compiler>
					<Add option="-g" />
				</Compiler>
				<Linker>
					<Add library="SDL2" />
					<Add library="SDL2_image" />
					<Add library="SDL2_mixer" />
					<Add library="SDL2_ttf" />
				</Linker>
			</Target>
			<Target title="Release">
				<Option output="bin/Release/progress" prefix_auto="1" extension_auto="1" />
				<Option object_output="obj/Release/" />
				<Option type="1" />
				<Option compiler="gcc" />
				<Compiler>
					<Add option="-O2" />
				</Compiler>
				<Linker>
					<Add option="-s" />
				</Linker>
			</Target>
		</Build>
		<Compiler>
			<Add option="-Wall" />
		</Compiler>
		<Unit filename="display.cpp" />
		<Unit filename="display.h" />
		<Unit filename="event.cpp" />
		<Unit filename="event.h" />
		<Unit filename="kuvanLataaja.cpp" />
		<Unit filename="kuvanLataaja.h" />
		<Unit filename="main.cpp" />
		<Unit filename="map.cpp" />
		<Unit filename="map.h" />
		<Unit filename="tileTausta.cpp" />
		<Unit filename="tileTausta.h" />
		<Unit filename="world.cpp" />
		<Unit filename="world.h" />
		<Extensions>
			<code_completion />
			<debugger />
		</Extensions>
	</Project>
</CodeBlocks_project_file>
